
Microsoft Visual Studio Solution File, Format Version 12.00
# Visual Studio Version 17
VisualStudioVersion = 17.4.33205.214
MinimumVisualStudioVersion = 10.0.40219.1
Project("{9A19103F-16F7-4668-BE54-9A1E7A4F7556}") = "Scanner", "scan\Scanner.csproj", "{47F39817-99D5-4DEB-B487-BF1A48FF6474}"
EndProject
Global
	GlobalSection(SolutionConfigurationPlatforms) = preSolution
		Debug|Any CPU = Debug|Any CPU
		Release|Any CPU = Release|Any CPU
	EndGlobalSection
	GlobalSection(ProjectConfigurationPlatforms) = postSolution
		{47F39817-99D5-4DEB-B487-BF1A48FF6474}.Debug|Any CPU.ActiveCfg = Debug|Any CPU
		{47F39817-99D5-4DEB-B487-BF1A48FF6474}.Debug|Any CPU.Build.0 = Debug|Any CPU
		{47F39817-99D5-4DEB-B487-BF1A48FF6474}.Release|Any CPU.ActiveCfg = Release|Any CPU
		{47F39817-99D5-4DEB-B487-BF1A48FF6474}.Release|Any CPU.Build.0 = Release|Any CPU
	EndGlobalSection
	GlobalSection(SolutionProperties) = preSolution
		HideSolutionNode = FALSE
	EndGlobalSection
	GlobalSection(ExtensibilityGlobals) = postSolution
		SolutionGuid = {DFCECF1C-07A1-41B0-A9FA-0C896EF9951F}
	EndGlobalSection
EndGlobal
